
Microsoft Visual Studio Solution File, Format Version 12.00
# Visual Studio Version 17
VisualStudioVersion = 17.0.31903.59
MinimumVisualStudioVersion = 10.0.40219.1
Project("{2150E333-8FDC-42A3-9474-1A3956D46DE8}") = "src", "src", "{FB4893F3-440C-480E-81DA-BC2F668F3648}"
EndProject
Project("{FAE04EC0-301F-11D3-BF4B-00C04F79EFBC}") = "CrewOps.API", "src\CrewOps.API\CrewOps.API.csproj", "{7D494403-A2AF-464E-A0FB-017A8E7202B1}"
EndProject
Project("{FAE04EC0-301F-11D3-BF4B-00C04F79EFBC}") = "CrewOps.Shared", "src\CrewOps.Shared\CrewOps.Shared.csproj", "{887C001B-36D3-4CF0-8713-01BA902454EE}"
EndProject
Project("{FAE04EC0-301F-11D3-BF4B-00C04F79EFBC}") = "CrewOps.App", "src\CrewOps.App\CrewOps.App.csproj", "{EB738C71-F76C-4457-8295-39F9B91B5C50}"
EndProject
Global
	GlobalSection(SolutionConfigurationPlatforms) = preSolution
		Debug|Any CPU = Debug|Any CPU
		Release|Any CPU = Release|Any CPU
	EndGlobalSection
	GlobalSection(SolutionProperties) = preSolution
		HideSolutionNode = FALSE
	EndGlobalSection
	GlobalSection(ProjectConfigurationPlatforms) = postSolution
		{7D494403-A2AF-464E-A0FB-017A8E7202B1}.Debug|Any CPU.ActiveCfg = Debug|Any CPU
		{7D494403-A2AF-464E-A0FB-017A8E7202B1}.Debug|Any CPU.Build.0 = Debug|Any CPU
		{7D494403-A2AF-464E-A0FB-017A8E7202B1}.Release|Any CPU.ActiveCfg = Release|Any CPU
		{7D494403-A2AF-464E-A0FB-017A8E7202B1}.Release|Any CPU.Build.0 = Release|Any CPU
		{887C001B-36D3-4CF0-8713-01BA902454EE}.Debug|Any CPU.ActiveCfg = Debug|Any CPU
		{887C001B-36D3-4CF0-8713-01BA902454EE}.Debug|Any CPU.Build.0 = Debug|Any CPU
		{887C001B-36D3-4CF0-8713-01BA902454EE}.Release|Any CPU.ActiveCfg = Release|Any CPU
		{887C001B-36D3-4CF0-8713-01BA902454EE}.Release|Any CPU.Build.0 = Release|Any CPU
		{EB738C71-F76C-4457-8295-39F9B91B5C50}.Debug|Any CPU.ActiveCfg = Debug|Any CPU
		{EB738C71-F76C-4457-8295-39F9B91B5C50}.Debug|Any CPU.Build.0 = Debug|Any CPU
		{EB738C71-F76C-4457-8295-39F9B91B5C50}.Release|Any CPU.ActiveCfg = Release|Any CPU
		{EB738C71-F76C-4457-8295-39F9B91B5C50}.Release|Any CPU.Build.0 = Release|Any CPU
	EndGlobalSection
	GlobalSection(NestedProjects) = preSolution
		{7D494403-A2AF-464E-A0FB-017A8E7202B1} = {FB4893F3-440C-480E-81DA-BC2F668F3648}
		{887C001B-36D3-4CF0-8713-01BA902454EE} = {FB4893F3-440C-480E-81DA-BC2F668F3648}
		{EB738C71-F76C-4457-8295-39F9B91B5C50} = {FB4893F3-440C-480E-81DA-BC2F668F3648}
	EndGlobalSection
EndGlobal
